// !$*UTF8*$!
{
	archiveVersion = 1;
	classes = {
	};
	objectVersion = 50;
	objects = {

/* Begin PBXBuildFile section */
		0016078DC3C78961FE504BF4 /* Pods_Spark.framework in Frameworks */ = {isa = PBXBuildFile; fileRef = 6107E0B7B6CFFC3FDAAA3F1E /* Pods_Spark.framework */; };
		6468889922D18F0F007639B6 /* SWRevealViewController.m in Sources */ = {isa = PBXBuildFile; fileRef = 6468889822D18F0F007639B6 /* SWRevealViewController.m */; };
		6468889E22D19793007639B6 /* ChatVC.swift in Sources */ = {isa = PBXBuildFile; fileRef = 6468889D22D19793007639B6 /* ChatVC.swift */; };
		646888A022D197D6007639B6 /* ChannelVC.swift in Sources */ = {isa = PBXBuildFile; fileRef = 6468889F22D197D6007639B6 /* ChannelVC.swift */; };
		A5F32B6622CBB1E900061BDC /* AppDelegate.swift in Sources */ = {isa = PBXBuildFile; fileRef = A5F32B6522CBB1E900061BDC /* AppDelegate.swift */; };
		A5F32B6B22CBB1E900061BDC /* Main.storyboard in Resources */ = {isa = PBXBuildFile; fileRef = A5F32B6922CBB1E900061BDC /* Main.storyboard */; };
		A5F32B6D22CBB1EA00061BDC /* Assets.xcassets in Resources */ = {isa = PBXBuildFile; fileRef = A5F32B6C22CBB1EA00061BDC /* Assets.xcassets */; };
		A5F32B7022CBB1EA00061BDC /* LaunchScreen.storyboard in Resources */ = {isa = PBXBuildFile; fileRef = A5F32B6E22CBB1EA00061BDC /* LaunchScreen.storyboard */; };
/* End PBXBuildFile section */

/* Begin PBXFileReference section */
		6107E0B7B6CFFC3FDAAA3F1E /* Pods_Spark.framework */ = {isa = PBXFileReference; explicitFileType = wrapper.framework; includeInIndex = 0; path = Pods_Spark.framework; sourceTree = BUILT_PRODUCTS_DIR; };
		6468889622D18F0F007639B6 /* Spark-Bridging-Header.h */ = {isa = PBXFileReference; lastKnownFileType = sourcecode.c.h; path = "Spark-Bridging-Header.h"; sourceTree = "<group>"; };
		6468889722D18F0F007639B6 /* SWRevealViewController.h */ = {isa = PBXFileReference; fileEncoding = 4; lastKnownFileType = sourcecode.c.h; path = SWRevealViewController.h; sourceTree = "<group>"; };
		6468889822D18F0F007639B6 /* SWRevealViewController.m */ = {isa = PBXFileReference; fileEncoding = 4; lastKnownFileType = sourcecode.c.objc; path = SWRevealViewController.m; sourceTree = "<group>"; };
		6468889D22D19793007639B6 /* ChatVC.swift */ = {isa = PBXFileReference; lastKnownFileType = sourcecode.swift; path = ChatVC.swift; sourceTree = "<group>"; };
		6468889F22D197D6007639B6 /* ChannelVC.swift */ = {isa = PBXFileReference; lastKnownFileType = sourcecode.swift; path = ChannelVC.swift; sourceTree = "<group>"; };
		A5F32B6222CBB1E900061BDC /* Spark.app */ = {isa = PBXFileReference; explicitFileType = wrapper.application; includeInIndex = 0; path = Spark.app; sourceTree = BUILT_PRODUCTS_DIR; };
		A5F32B6522CBB1E900061BDC /* AppDelegate.swift */ = {isa = PBXFileReference; lastKnownFileType = sourcecode.swift; path = AppDelegate.swift; sourceTree = "<group>"; };
		A5F32B6A22CBB1E900061BDC /* Base */ = {isa = PBXFileReference; lastKnownFileType = file.storyboard; name = Base; path = Base.lproj/Main.storyboard; sourceTree = "<group>"; };
		A5F32B6C22CBB1EA00061BDC /* Assets.xcassets */ = {isa = PBXFileReference; lastKnownFileType = folder.assetcatalog; path = Assets.xcassets; sourceTree = "<group>"; };
		A5F32B6F22CBB1EA00061BDC /* Base */ = {isa = PBXFileReference; lastKnownFileType = file.storyboard; name = Base; path = Base.lproj/LaunchScreen.storyboard; sourceTree = "<group>"; };
		A5F32B7122CBB1EA00061BDC /* Info.plist */ = {isa = PBXFileReference; lastKnownFileType = text.plist.xml; path = Info.plist; sourceTree = "<group>"; };
		AC3D52148231E7B3A2B6255E /* Pods-Spark.debug.xcconfig */ = {isa = PBXFileReference; includeInIndex = 1; lastKnownFileType = text.xcconfig; name = "Pods-Spark.debug.xcconfig"; path = "Pods/Target Support Files/Pods-Spark/Pods-Spark.debug.xcconfig"; sourceTree = "<group>"; };
		B3254DE68AFCBF4FBCD2E4EE /* Pods-Spark.release.xcconfig */ = {isa = PBXFileReference; includeInIndex = 1; lastKnownFileType = text.xcconfig; name = "Pods-Spark.release.xcconfig"; path = "Pods/Target Support Files/Pods-Spark/Pods-Spark.release.xcconfig"; sourceTree = "<group>"; };
/* End PBXFileReference section */

/* Begin PBXFrameworksBuildPhase section */
		A5F32B5F22CBB1E900061BDC /* Frameworks */ = {
			isa = PBXFrameworksBuildPhase;
			buildActionMask = 2147483647;
			files = (
				0016078DC3C78961FE504BF4 /* Pods_Spark.framework in Frameworks */,
			);
			runOnlyForDeploymentPostprocessing = 0;
		};
/* End PBXFrameworksBuildPhase section */

/* Begin PBXGroup section */
		25DAD3DA8BE798DAED7CE718 /* Pods */ = {
			isa = PBXGroup;
			children = (
				AC3D52148231E7B3A2B6255E /* Pods-Spark.debug.xcconfig */,
				B3254DE68AFCBF4FBCD2E4EE /* Pods-Spark.release.xcconfig */,
			);
			name = Pods;
			sourceTree = "<group>";
		};
		6468889522D18EB8007639B6 /* Supporting Files */ = {
			isa = PBXGroup;
			children = (
				6468889722D18F0F007639B6 /* SWRevealViewController.h */,
				6468889822D18F0F007639B6 /* SWRevealViewController.m */,
				6468889622D18F0F007639B6 /* Spark-Bridging-Header.h */,
			);
			path = "Supporting Files";
			sourceTree = "<group>";
		};
		6468889A22D1970B007639B6 /* Controller */ = {
			isa = PBXGroup;
			children = (
				6468889D22D19793007639B6 /* ChatVC.swift */,
				6468889F22D197D6007639B6 /* ChannelVC.swift */,
			);
			path = Controller;
			sourceTree = "<group>";
		};
		6468889B22D19714007639B6 /* View */ = {
			isa = PBXGroup;
			children = (
			);
			path = View;
			sourceTree = "<group>";
		};
		6468889C22D1971D007639B6 /* Model */ = {
			isa = PBXGroup;
			children = (
			);
			path = Model;
			sourceTree = "<group>";
		};
		A5F32B5922CBB1E900061BDC = {
			isa = PBXGroup;
			children = (
				A5F32B6422CBB1E900061BDC /* Spark */,
				A5F32B6322CBB1E900061BDC /* Products */,
				25DAD3DA8BE798DAED7CE718 /* Pods */,
				D2E02181CE835D50D688880A /* Frameworks */,
			);
			sourceTree = "<group>";
		};
		A5F32B6322CBB1E900061BDC /* Products */ = {
			isa = PBXGroup;
			children = (
				A5F32B6222CBB1E900061BDC /* Spark.app */,
			);
			name = Products;
			sourceTree = "<group>";
		};
		A5F32B6422CBB1E900061BDC /* Spark */ = {
			isa = PBXGroup;
			children = (
				6468889C22D1971D007639B6 /* Model */,
				6468889B22D19714007639B6 /* View */,
				6468889A22D1970B007639B6 /* Controller */,
				6468889522D18EB8007639B6 /* Supporting Files */,
				A5F32B6522CBB1E900061BDC /* AppDelegate.swift */,
				A5F32B6922CBB1E900061BDC /* Main.storyboard */,
				A5F32B6C22CBB1EA00061BDC /* Assets.xcassets */,
				A5F32B6E22CBB1EA00061BDC /* LaunchScreen.storyboard */,
				A5F32B7122CBB1EA00061BDC /* Info.plist */,
			);
			path = Spark;
			sourceTree = "<group>";
		};
		D2E02181CE835D50D688880A /* Frameworks */ = {
			isa = PBXGroup;
			children = (
				6107E0B7B6CFFC3FDAAA3F1E /* Pods_Spark.framework */,
			);
			name = Frameworks;
			sourceTree = "<group>";
		};
/* End PBXGroup section */

/* Begin PBXNativeTarget section */
		A5F32B6122CBB1E900061BDC /* Spark */ = {
			isa = PBXNativeTarget;
			buildConfigurationList = A5F32B7422CBB1EA00061BDC /* Build configuration list for PBXNativeTarget "Spark" */;
			buildPhases = (
				AF055FB655078EADF843FD78 /* [CP] Check Pods Manifest.lock */,
				A5F32B5E22CBB1E900061BDC /* Sources */,
				A5F32B5F22CBB1E900061BDC /* Frameworks */,
				A5F32B6022CBB1E900061BDC /* Resources */,
				C5B5DDDA5CBF42F7FF41F3BF /* [CP] Embed Pods Frameworks */,
			);
			buildRules = (
			);
			dependencies = (
			);
			name = Spark;
			productName = Spark;
			productReference = A5F32B6222CBB1E900061BDC /* Spark.app */;
			productType = "com.apple.product-type.application";
		};
/* End PBXNativeTarget section */

/* Begin PBXProject section */
		A5F32B5A22CBB1E900061BDC /* Project object */ = {
			isa = PBXProject;
			attributes = {
				LastSwiftUpdateCheck = 1010;
				LastUpgradeCheck = 1010;
				ORGANIZATIONNAME = "Dmitry Chuveev";
				TargetAttributes = {
					A5F32B6122CBB1E900061BDC = {
						CreatedOnToolsVersion = 10.1;
						LastSwiftMigration = 1010;
					};
				};
			};
			buildConfigurationList = A5F32B5D22CBB1E900061BDC /* Build configuration list for PBXProject "Spark" */;
			compatibilityVersion = "Xcode 9.3";
			developmentRegion = en;
			hasScannedForEncodings = 0;
			knownRegions = (
				en,
				Base,
			);
			mainGroup = A5F32B5922CBB1E900061BDC;
			productRefGroup = A5F32B6322CBB1E900061BDC /* Products */;
			projectDirPath = "";
			projectRoot = "";
			targets = (
				A5F32B6122CBB1E900061BDC /* Spark */,
			);
		};
/* End PBXProject section */

/* Begin PBXResourcesBuildPhase section */
		A5F32B6022CBB1E900061BDC /* Resources */ = {
			isa = PBXResourcesBuildPhase;
			buildActionMask = 2147483647;
			files = (
				A5F32B7022CBB1EA00061BDC /* LaunchScreen.storyboard in Resources */,
				A5F32B6D22CBB1EA00061BDC /* Assets.xcassets in Resources */,
				A5F32B6B22CBB1E900061BDC /* Main.storyboard in Resources */,
			);
			runOnlyForDeploymentPostprocessing = 0;
		};
/* End PBXResourcesBuildPhase section */

/* Begin PBXShellScriptBuildPhase section */
		AF055FB655078EADF843FD78 /* [CP] Check Pods Manifest.lock */ = {
			isa = PBXShellScriptBuildPhase;
			buildActionMask = 2147483647;
			files = (
			);
			inputPaths = (
				"${PODS_PODFILE_DIR_PATH}/Podfile.lock",
				"${PODS_ROOT}/Manifest.lock",
			);
			name = "[CP] Check Pods Manifest.lock";
			outputPaths = (
				"$(DERIVED_FILE_DIR)/Pods-Spark-checkManifestLockResult.txt",
			);
			runOnlyForDeploymentPostprocessing = 0;
			shellPath = /bin/sh;
			shellScript = "diff \"${PODS_PODFILE_DIR_PATH}/Podfile.lock\" \"${PODS_ROOT}/Manifest.lock\" > /dev/null\nif [ $? != 0 ] ; then\n    # print error to STDERR\n    echo \"error: The sandbox is not in sync with the Podfile.lock. Run 'pod install' or update your CocoaPods installation.\" >&2\n    exit 1\nfi\n# This output is used by Xcode 'outputs' to avoid re-running this script phase.\necho \"SUCCESS\" > \"${SCRIPT_OUTPUT_FILE_0}\"\n";
			showEnvVarsInLog = 0;
		};
		C5B5DDDA5CBF42F7FF41F3BF /* [CP] Embed Pods Frameworks */ = {
			isa = PBXShellScriptBuildPhase;
			buildActionMask = 2147483647;
			files = (
			);
			inputFileListPaths = (
				"${PODS_ROOT}/Target Support Files/Pods-Spark/Pods-Spark-frameworks-${CONFIGURATION}-input-files.xcfilelist",
			);
			name = "[CP] Embed Pods Frameworks";
			outputFileListPaths = (
				"${PODS_ROOT}/Target Support Files/Pods-Spark/Pods-Spark-frameworks-${CONFIGURATION}-output-files.xcfilelist",
			);
			runOnlyForDeploymentPostprocessing = 0;
			shellPath = /bin/sh;
			shellScript = "\"${PODS_ROOT}/Target Support Files/Pods-Spark/Pods-Spark-frameworks.sh\"\n";
			showEnvVarsInLog = 0;
		};
/* End PBXShellScriptBuildPhase section */

/* Begin PBXSourcesBuildPhase section */
		A5F32B5E22CBB1E900061BDC /* Sources */ = {
			isa = PBXSourcesBuildPhase;
			buildActionMask = 2147483647;
			files = (
				646888A022D197D6007639B6 /* ChannelVC.swift in Sources */,
				6468889E22D19793007639B6 /* ChatVC.swift in Sources */,
				A5F32B6622CBB1E900061BDC /* AppDelegate.swift in Sources */,
				6468889922D18F0F007639B6 /* SWRevealViewController.m in Sources */,
			);
			runOnlyForDeploymentPostprocessing = 0;
		};
/* End PBXSourcesBuildPhase section */

/* Begin PBXVariantGroup section */
		A5F32B6922CBB1E900061BDC /* Main.storyboard */ = {
			isa = PBXVariantGroup;
			children = (
				A5F32B6A22CBB1E900061BDC /* Base */,
			);
			name = Main.storyboard;
			sourceTree = "<group>";
		};
		A5F32B6E22CBB1EA00061BDC /* LaunchScreen.storyboard */ = {
			isa = PBXVariantGroup;
			children = (
				A5F32B6F22CBB1EA00061BDC /* Base */,
			);
			name = LaunchScreen.storyboard;
			sourceTree = "<group>";
		};
/* End PBXVariantGroup section */

/* Begin XCBuildConfiguration section */
		A5F32B7222CBB1EA00061BDC /* Debug */ = {
			isa = XCBuildConfiguration;
			buildSettings = {
				ALWAYS_SEARCH_USER_PATHS = NO;
				CLANG_ANALYZER_NONNULL = YES;
				CLANG_ANALYZER_NUMBER_OBJECT_CONVERSION = YES_AGGRESSIVE;
				CLANG_CXX_LANGUAGE_STANDARD = "gnu++14";
				CLANG_CXX_LIBRARY = "libc++";
				CLANG_ENABLE_MODULES = YES;
				CLANG_ENABLE_OBJC_ARC = YES;
				CLANG_ENABLE_OBJC_WEAK = YES;
				CLANG_WARN_BLOCK_CAPTURE_AUTORELEASING = YES;
				CLANG_WARN_BOOL_CONVERSION = YES;
				CLANG_WARN_COMMA = YES;
				CLANG_WARN_CONSTANT_CONVERSION = YES;
				CLANG_WARN_DEPRECATED_OBJC_IMPLEMENTATIONS = YES;
				CLANG_WARN_DIRECT_OBJC_ISA_USAGE = YES_ERROR;
				CLANG_WARN_DOCUMENTATION_COMMENTS = YES;
				CLANG_WARN_EMPTY_BODY = YES;
				CLANG_WARN_ENUM_CONVERSION = YES;
				CLANG_WARN_INFINITE_RECURSION = YES;
				CLANG_WARN_INT_CONVERSION = YES;
				CLANG_WARN_NON_LITERAL_NULL_CONVERSION = YES;
				CLANG_WARN_OBJC_IMPLICIT_RETAIN_SELF = YES;
				CLANG_WARN_OBJC_LITERAL_CONVERSION = YES;
				CLANG_WARN_OBJC_ROOT_CLASS = YES_ERROR;
				CLANG_WARN_RANGE_LOOP_ANALYSIS = YES;
				CLANG_WARN_STRICT_PROTOTYPES = YES;
				CLANG_WARN_SUSPICIOUS_MOVE = YES;
				CLANG_WARN_UNGUARDED_AVAILABILITY = YES_AGGRESSIVE;
				CLANG_WARN_UNREACHABLE_CODE = YES;
				CLANG_WARN__DUPLICATE_METHOD_MATCH = YES;
				CODE_SIGN_IDENTITY = "iPhone Developer";
				COPY_PHASE_STRIP = NO;
				DEBUG_INFORMATION_FORMAT = dwarf;
				ENABLE_STRICT_OBJC_MSGSEND = YES;
				ENABLE_TESTABILITY = YES;
				GCC_C_LANGUAGE_STANDARD = gnu11;
				GCC_DYNAMIC_NO_PIC = NO;
				GCC_NO_COMMON_BLOCKS = YES;
				GCC_OPTIMIZATION_LEVEL = 0;
				GCC_PREPROCESSOR_DEFINITIONS = (
					"DEBUG=1",
					"$(inherited)",
				);
				GCC_WARN_64_TO_32_BIT_CONVERSION = YES;
				GCC_WARN_ABOUT_RETURN_TYPE = YES_ERROR;
				GCC_WARN_UNDECLARED_SELECTOR = YES;
				GCC_WARN_UNINITIALIZED_AUTOS = YES_AGGRESSIVE;
				GCC_WARN_UNUSED_FUNCTION = YES;
				GCC_WARN_UNUSED_VARIABLE = YES;
				IPHONEOS_DEPLOYMENT_TARGET = 12.1;
				MTL_ENABLE_DEBUG_INFO = INCLUDE_SOURCE;
				MTL_FAST_MATH = YES;
				ONLY_ACTIVE_ARCH = YES;
				SDKROOT = iphoneos;
				SWIFT_ACTIVE_COMPILATION_CONDITIONS = DEBUG;
				SWIFT_OPTIMIZATION_LEVEL = "-Onone";
			};
			name = Debug;
		};
		A5F32B7322CBB1EA00061BDC /* Release */ = {
			isa = XCBuildConfiguration;
			buildSettings = {
				ALWAYS_SEARCH_USER_PATHS = NO;
				CLANG_ANALYZER_NONNULL = YES;
				CLANG_ANALYZER_NUMBER_OBJECT_CONVERSION = YES_AGGRESSIVE;
				CLANG_CXX_LANGUAGE_STANDARD = "gnu++14";
				CLANG_CXX_LIBRARY = "libc++";
				CLANG_ENABLE_MODULES = YES;
				CLANG_ENABLE_OBJC_ARC = YES;
				CLANG_ENABLE_OBJC_WEAK = YES;
				CLANG_WARN_BLOCK_CAPTURE_AUTORELEASING = YES;
				CLANG_WARN_BOOL_CONVERSION = YES;
				CLANG_WARN_COMMA = YES;
				CLANG_WARN_CONSTANT_CONVERSION = YES;
				CLANG_WARN_DEPRECATED_OBJC_IMPLEMENTATIONS = YES;
				CLANG_WARN_DIRECT_OBJC_ISA_USAGE = YES_ERROR;
				CLANG_WARN_DOCUMENTATION_COMMENTS = YES;
				CLANG_WARN_EMPTY_BODY = YES;
				CLANG_WARN_ENUM_CONVERSION = YES;
				CLANG_WARN_INFINITE_RECURSION = YES;
				CLANG_WARN_INT_CONVERSION = YES;
				CLANG_WARN_NON_LITERAL_NULL_CONVERSION = YES;
				CLANG_WARN_OBJC_IMPLICIT_RETAIN_SELF = YES;
				CLANG_WARN_OBJC_LITERAL_CONVERSION = YES;
				CLANG_WARN_OBJC_ROOT_CLASS = YES_ERROR;
				CLANG_WARN_RANGE_LOOP_ANALYSIS = YES;
				CLANG_WARN_STRICT_PROTOTYPES = YES;
				CLANG_WARN_SUSPICIOUS_MOVE = YES;
				CLANG_WARN_UNGUARDED_AVAILABILITY = YES_AGGRESSIVE;
				CLANG_WARN_UNREACHABLE_CODE = YES;
				CLANG_WARN__DUPLICATE_METHOD_MATCH = YES;
				CODE_SIGN_IDENTITY = "iPhone Developer";
				COPY_PHASE_STRIP = NO;
				DEBUG_INFORMATION_FORMAT = "dwarf-with-dsym";
				ENABLE_NS_ASSERTIONS = NO;
				ENABLE_STRICT_OBJC_MSGSEND = YES;
				GCC_C_LANGUAGE_STANDARD = gnu11;
				GCC_NO_COMMON_BLOCKS = YES;
				GCC_WARN_64_TO_32_BIT_CONVERSION = YES;
				GCC_WARN_ABOUT_RETURN_TYPE = YES_ERROR;
				GCC_WARN_UNDECLARED_SELECTOR = YES;
				GCC_WARN_UNINITIALIZED_AUTOS = YES_AGGRESSIVE;
				GCC_WARN_UNUSED_FUNCTION = YES;
				GCC_WARN_UNUSED_VARIABLE = YES;
				IPHONEOS_DEPLOYMENT_TARGET = 12.1;
				MTL_ENABLE_DEBUG_INFO = NO;
				MTL_FAST_MATH = YES;
				SDKROOT = iphoneos;
				SWIFT_COMPILATION_MODE = wholemodule;
				SWIFT_OPTIMIZATION_LEVEL = "-O";
				VALIDATE_PRODUCT = YES;
			};
			name = Release;
		};
		A5F32B7522CBB1EA00061BDC /* Debug */ = {
			isa = XCBuildConfiguration;
			baseConfigurationReference = AC3D52148231E7B3A2B6255E /* Pods-Spark.debug.xcconfig */;
			buildSettings = {
				ASSETCATALOG_COMPILER_APPICON_NAME = AppIcon;
				CLANG_ENABLE_MODULES = YES;
				CODE_SIGN_STYLE = Automatic;
				DEVELOPMENT_TEAM = DNL9XGJVF7;
				INFOPLIST_FILE = Spark/Info.plist;
				LD_RUNPATH_SEARCH_PATHS = (
					"$(inherited)",
					"@executable_path/Frameworks",
				);
				PRODUCT_BUNDLE_IDENTIFIER = com.dchuveev.Spark;
				PRODUCT_NAME = "$(TARGET_NAME)";
				SWIFT_OBJC_BRIDGING_HEADER = "Spark/Supporting Files/Spark-Bridging-Header.h";
				SWIFT_OPTIMIZATION_LEVEL = "-Onone";
				SWIFT_VERSION = 4.0;
				TARGETED_DEVICE_FAMILY = "1,2";
			};
			name = Debug;
		};
		A5F32B7622CBB1EA00061BDC /* Release */ = {
			isa = XCBuildConfiguration;
			baseConfigurationReference = B3254DE68AFCBF4FBCD2E4EE /* Pods-Spark.release.xcconfig */;
			buildSettings = {
				ASSETCATALOG_COMPILER_APPICON_NAME = AppIcon;
				CLANG_ENABLE_MODULES = YES;
				CODE_SIGN_STYLE = Automatic;
				DEVELOPMENT_TEAM = DNL9XGJVF7;
				INFOPLIST_FILE = Spark/Info.plist;
				LD_RUNPATH_SEARCH_PATHS = (
					"$(inherited)",
					"@executable_path/Frameworks",
				);
				PRODUCT_BUNDLE_IDENTIFIER = com.dchuveev.Spark;
				PRODUCT_NAME = "$(TARGET_NAME)";
				SWIFT_OBJC_BRIDGING_HEADER = "Spark/Supporting Files/Spark-Bridging-Header.h";
				SWIFT_VERSION = 4.0;
				TARGETED_DEVICE_FAMILY = "1,2";
			};
			name = Release;
		};
/* End XCBuildConfiguration section */

/* Begin XCConfigurationList section */
		A5F32B5D22CBB1E900061BDC /* Build configuration list for PBXProject "Spark" */ = {
			isa = XCConfigurationList;
			buildConfigurations = (
				A5F32B7222CBB1EA00061BDC /* Debug */,
				A5F32B7322CBB1EA00061BDC /* Release */,
			);
			defaultConfigurationIsVisible = 0;
			defaultConfigurationName = Release;
		};
		A5F32B7422CBB1EA00061BDC /* Build configuration list for PBXNativeTarget "Spark" */ = {
			isa = XCConfigurationList;
			buildConfigurations = (
				A5F32B7522CBB1EA00061BDC /* Debug */,
				A5F32B7622CBB1EA00061BDC /* Release */,
			);
			defaultConfigurationIsVisible = 0;
			defaultConfigurationName = Release;
		};
/* End XCConfigurationList section */
	};
	rootObject = A5F32B5A22CBB1E900061BDC /* Project object */;
}
